
Microsoft Visual Studio Solution File, Format Version 12.00
# Visual Studio Version 16
VisualStudioVersion = 16.0.31515.178
MinimumVisualStudioVersion = 10.0.40219.1
Project("{FAE04EC0-301F-11D3-BF4B-00C04F79EFBC}") = "Biblioteca", "Biblioteca\Biblioteca.csproj", "{863AFABB-D46D-4E81-81B5-4FF5D7F59B0F}"
EndProject
Global
	GlobalSection(SolutionConfigurationPlatforms) = preSolution
		Debug|Any CPU = Debug|Any CPU
		Release|Any CPU = Release|Any CPU
	EndGlobalSection
	GlobalSection(ProjectConfigurationPlatforms) = postSolution
		{863AFABB-D46D-4E81-81B5-4FF5D7F59B0F}.Debug|Any CPU.ActiveCfg = Debug|Any CPU
		{863AFABB-D46D-4E81-81B5-4FF5D7F59B0F}.Debug|Any CPU.Build.0 = Debug|Any CPU
		{863AFABB-D46D-4E81-81B5-4FF5D7F59B0F}.Release|Any CPU.ActiveCfg = Release|Any CPU
		{863AFABB-D46D-4E81-81B5-4FF5D7F59B0F}.Release|Any CPU.Build.0 = Release|Any CPU
	EndGlobalSection
	GlobalSection(SolutionProperties) = preSolution
		HideSolutionNode = FALSE
	EndGlobalSection
	GlobalSection(ExtensibilityGlobals) = postSolution
		SolutionGuid = {268C6478-F328-4BBF-9B7D-75148D942F9E}
	EndGlobalSection
EndGlobal
